// !$*UTF8*$!
{
	archiveVersion = 1;
	classes = {
	};
	objectVersion = 46;
	objects = {

/* Begin PBXBuildFile section */
		4F78ACFF1D008A46008B35C1 /* AppDelegate.swift in Sources */ = {isa = PBXBuildFile; fileRef = 4F78ACFE1D008A46008B35C1 /* AppDelegate.swift */; };
		4F78AD011D008A46008B35C1 /* ViewController.swift in Sources */ = {isa = PBXBuildFile; fileRef = 4F78AD001D008A46008B35C1 /* ViewController.swift */; };
		4F78AD041D008A46008B35C1 /* Main.storyboard in Resources */ = {isa = PBXBuildFile; fileRef = 4F78AD021D008A46008B35C1 /* Main.storyboard */; };
		4F78AD061D008A46008B35C1 /* Assets.xcassets in Resources */ = {isa = PBXBuildFile; fileRef = 4F78AD051D008A46008B35C1 /* Assets.xcassets */; };
		4F78AD091D008A46008B35C1 /* LaunchScreen.storyboard in Resources */ = {isa = PBXBuildFile; fileRef = 4F78AD071D008A46008B35C1 /* LaunchScreen.storyboard */; };
		4F78AD111D008A56008B35C1 /* MapKit.framework in Frameworks */ = {isa = PBXBuildFile; fileRef = 4F78AD101D008A56008B35C1 /* MapKit.framework */; };
/* End PBXBuildFile section */

/* Begin PBXFileReference section */
		4F78ACFB1D008A46008B35C1 /* MRMapMyPoints.app */ = {isa = PBXFileReference; explicitFileType = wrapper.application; includeInIndex = 0; path = MRMapMyPoints.app; sourceTree = BUILT_PRODUCTS_DIR; };
		4F78ACFE1D008A46008B35C1 /* AppDelegate.swift */ = {isa = PBXFileReference; lastKnownFileType = sourcecode.swift; path = AppDelegate.swift; sourceTree = "<group>"; };
		4F78AD001D008A46008B35C1 /* ViewController.swift */ = {isa = PBXFileReference; lastKnownFileType = sourcecode.swift; path = ViewController.swift; sourceTree = "<group>"; };
		4F78AD031D008A46008B35C1 /* Base */ = {isa = PBXFileReference; lastKnownFileType = file.storyboard; name = Base; path = Base.lproj/Main.storyboard; sourceTree = "<group>"; };
		4F78AD051D008A46008B35C1 /* Assets.xcassets */ = {isa = PBXFileReference; lastKnownFileType = folder.assetcatalog; path = Assets.xcassets; sourceTree = "<group>"; };
		4F78AD081D008A46008B35C1 /* Base */ = {isa = PBXFileReference; lastKnownFileType = file.storyboard; name = Base; path = Base.lproj/LaunchScreen.storyboard; sourceTree = "<group>"; };
		4F78AD0A1D008A46008B35C1 /* Info.plist */ = {isa = PBXFileReference; lastKnownFileType = text.plist.xml; path = Info.plist; sourceTree = "<group>"; };
		4F78AD101D008A56008B35C1 /* MapKit.framework */ = {isa = PBXFileReference; lastKnownFileType = wrapper.framework; name = MapKit.framework; path = System/Library/Frameworks/MapKit.framework; sourceTree = SDKROOT; };
/* End PBXFileReference section */

/* Begin PBXFrameworksBuildPhase section */
		4F78ACF81D008A46008B35C1 /* Frameworks */ = {
			isa = PBXFrameworksBuildPhase;
			buildActionMask = 2147483647;
			files = (
				4F78AD111D008A56008B35C1 /* MapKit.framework in Frameworks */,
			);
			runOnlyForDeploymentPostprocessing = 0;
		};
/* End PBXFrameworksBuildPhase section */

/* Begin PBXGroup section */
		4F78ACF21D008A46008B35C1 = {
			isa = PBXGroup;
			children = (
				4F78AD101D008A56008B35C1 /* MapKit.framework */,
				4F78ACFD1D008A46008B35C1 /* MRMapMyPoints */,
				4F78ACFC1D008A46008B35C1 /* Products */,
			);
			sourceTree = "<group>";
		};
		4F78ACFC1D008A46008B35C1 /* Products */ = {
			isa = PBXGroup;
			children = (
				4F78ACFB1D008A46008B35C1 /* MRMapMyPoints.app */,
			);
			name = Products;
			sourceTree = "<group>";
		};
		4F78ACFD1D008A46008B35C1 /* MRMapMyPoints */ = {
			isa = PBXGroup;
			children = (
				4F78ACFE1D008A46008B35C1 /* AppDelegate.swift */,
				4F78AD001D008A46008B35C1 /* ViewController.swift */,
				4F78AD021D008A46008B35C1 /* Main.storyboard */,
				4F78AD051D008A46008B35C1 /* Assets.xcassets */,
				4F78AD071D008A46008B35C1 /* LaunchScreen.storyboard */,
				4F78AD0A1D008A46008B35C1 /* Info.plist */,
			);
			path = MRMapMyPoints;
			sourceTree = "<group>";
		};
/* End PBXGroup section */

/* Begin PBXNativeTarget section */
		4F78ACFA1D008A46008B35C1 /* MRMapMyPoints */ = {
			isa = PBXNativeTarget;
			buildConfigurationList = 4F78AD0D1D008A46008B35C1 /* Build configuration list for PBXNativeTarget "MRMapMyPoints" */;
			buildPhases = (
				4F78ACF71D008A46008B35C1 /* Sources */,
				4F78ACF81D008A46008B35C1 /* Frameworks */,
				4F78ACF91D008A46008B35C1 /* Resources */,
			);
			buildRules = (
			);
			dependencies = (
			);
			name = MRMapMyPoints;
			productName = MRMapMyPoints;
			productReference = 4F78ACFB1D008A46008B35C1 /* MRMapMyPoints.app */;
			productType = "com.apple.product-type.application";
		};
/* End PBXNativeTarget section */

/* Begin PBXProject section */
		4F78ACF31D008A46008B35C1 /* Project object */ = {
			isa = PBXProject;
			attributes = {
				LastSwiftUpdateCheck = 0730;
				LastUpgradeCheck = 0730;
				ORGANIZATIONNAME = MiguelRubio;
				TargetAttributes = {
					4F78ACFA1D008A46008B35C1 = {
						CreatedOnToolsVersion = 7.3.1;
					};
				};
			};
			buildConfigurationList = 4F78ACF61D008A46008B35C1 /* Build configuration list for PBXProject "MRMapMyPoints" */;
			compatibilityVersion = "Xcode 3.2";
			developmentRegion = English;
			hasScannedForEncodings = 0;
			knownRegions = (
				en,
				Base,
			);
			mainGroup = 4F78ACF21D008A46008B35C1;
			productRefGroup = 4F78ACFC1D008A46008B35C1 /* Products */;
			projectDirPath = "";
			projectRoot = "";
			targets = (
				4F78ACFA1D008A46008B35C1 /* MRMapMyPoints */,
			);
		};
/* End PBXProject section */

/* Begin PBXResourcesBuildPhase section */
		4F78ACF91D008A46008B35C1 /* Resources */ = {
			isa = PBXResourcesBuildPhase;
			buildActionMask = 2147483647;
			files = (
				4F78AD091D008A46008B35C1 /* LaunchScreen.storyboard in Resources */,
				4F78AD061D008A46008B35C1 /* Assets.xcassets in Resources */,
				4F78AD041D008A46008B35C1 /* Main.storyboard in Resources */,
			);
			runOnlyForDeploymentPostprocessing = 0;
		};
/* End PBXResourcesBuildPhase section */

/* Begin PBXSourcesBuildPhase section */
		4F78ACF71D008A46008B35C1 /* Sources */ = {
			isa = PBXSourcesBuildPhase;
			buildActionMask = 2147483647;
			files = (
				4F78AD011D008A46008B35C1 /* ViewController.swift in Sources */,
				4F78ACFF1D008A46008B35C1 /* AppDelegate.swift in Sources */,
			);
			runOnlyForDeploymentPostprocessing = 0;
		};
/* End PBXSourcesBuildPhase section */

/* Begin PBXVariantGroup section */
		4F78AD021D008A46008B35C1 /* Main.storyboard */ = {
			isa = PBXVariantGroup;
			children = (
				4F78AD031D008A46008B35C1 /* Base */,
			);
			name = Main.storyboard;
			sourceTree = "<group>";
		};
		4F78AD071D008A46008B35C1 /* LaunchScreen.storyboard */ = {
			isa = PBXVariantGroup;
			children = (
				4F78AD081D008A46008B35C1 /* Base */,
			);
			name = LaunchScreen.storyboard;
			sourceTree = "<group>";
		};
/* End PBXVariantGroup section */

/* Begin XCBuildConfiguration section */
		4F78AD0B1D008A46008B35C1 /* Debug */ = {
			isa = XCBuildConfiguration;
			buildSettings = {
				ALWAYS_SEARCH_USER_PATHS = NO;
				CLANG_ANALYZER_NONNULL = YES;
				CLANG_CXX_LANGUAGE_STANDARD = "gnu++0x";
				CLANG_CXX_LIBRARY = "libc++";
				CLANG_ENABLE_MODULES = YES;
				CLANG_ENABLE_OBJC_ARC = YES;
				CLANG_WARN_BOOL_CONVERSION = YES;
				CLANG_WARN_CONSTANT_CONVERSION = YES;
				CLANG_WARN_DIRECT_OBJC_ISA_USAGE = YES_ERROR;
				CLANG_WARN_EMPTY_BODY = YES;
				CLANG_WARN_ENUM_CONVERSION = YES;
				CLANG_WARN_INT_CONVERSION = YES;
				CLANG_WARN_OBJC_ROOT_CLASS = YES_ERROR;
				CLANG_WARN_UNREACHABLE_CODE = YES;
				CLANG_WARN__DUPLICATE_METHOD_MATCH = YES;
				"CODE_SIGN_IDENTITY[sdk=iphoneos*]" = "iPhone Developer";
				COPY_PHASE_STRIP = NO;
				DEBUG_INFORMATION_FORMAT = dwarf;
				ENABLE_STRICT_OBJC_MSGSEND = YES;
				ENABLE_TESTABILITY = YES;
				GCC_C_LANGUAGE_STANDARD = gnu99;
				GCC_DYNAMIC_NO_PIC = NO;
				GCC_NO_COMMON_BLOCKS = YES;
				GCC_OPTIMIZATION_LEVEL = 0;
				GCC_PREPROCESSOR_DEFINITIONS = (
					"DEBUG=1",
					"$(inherited)",
				);
				GCC_WARN_64_TO_32_BIT_CONVERSION = YES;
				GCC_WARN_ABOUT_RETURN_TYPE = YES_ERROR;
				GCC_WARN_UNDECLARED_SELECTOR = YES;
				GCC_WARN_UNINITIALIZED_AUTOS = YES_AGGRESSIVE;
				GCC_WARN_UNUSED_FUNCTION = YES;
				GCC_WARN_UNUSED_VARIABLE = YES;
				IPHONEOS_DEPLOYMENT_TARGET = 9.3;
				MTL_ENABLE_DEBUG_INFO = YES;
				ONLY_ACTIVE_ARCH = YES;
				SDKROOT = iphoneos;
				SWIFT_OPTIMIZATION_LEVEL = "-Onone";
				TARGETED_DEVICE_FAMILY = "1,2";
			};
			name = Debug;
		};
		4F78AD0C1D008A46008B35C1 /* Release */ = {
			isa = XCBuildConfiguration;
			buildSettings = {
				ALWAYS_SEARCH_USER_PATHS = NO;
				CLANG_ANALYZER_NONNULL = YES;
				CLANG_CXX_LANGUAGE_STANDARD = "gnu++0x";
				CLANG_CXX_LIBRARY = "libc++";
				CLANG_ENABLE_MODULES = YES;
				CLANG_ENABLE_OBJC_ARC = YES;
				CLANG_WARN_BOOL_CONVERSION = YES;
				CLANG_WARN_CONSTANT_CONVERSION = YES;
				CLANG_WARN_DIRECT_OBJC_ISA_USAGE = YES_ERROR;
				CLANG_WARN_EMPTY_BODY = YES;
				CLANG_WARN_ENUM_CONVERSION = YES;
				CLANG_WARN_INT_CONVERSION = YES;
				CLANG_WARN_OBJC_ROOT_CLASS = YES_ERROR;
				CLANG_WARN_UNREACHABLE_CODE = YES;
				CLANG_WARN__DUPLICATE_METHOD_MATCH = YES;
				"CODE_SIGN_IDENTITY[sdk=iphoneos*]" = "iPhone Developer";
				COPY_PHASE_STRIP = NO;
				DEBUG_INFORMATION_FORMAT = "dwarf-with-dsym";
				ENABLE_NS_ASSERTIONS = NO;
				ENABLE_STRICT_OBJC_MSGSEND = YES;
				GCC_C_LANGUAGE_STANDARD = gnu99;
				GCC_NO_COMMON_BLOCKS = YES;
				GCC_WARN_64_TO_32_BIT_CONVERSION = YES;
				GCC_WARN_ABOUT_RETURN_TYPE = YES_ERROR;
				GCC_WARN_UNDECLARED_SELECTOR = YES;
				GCC_WARN_UNINITIALIZED_AUTOS = YES_AGGRESSIVE;
				GCC_WARN_UNUSED_FUNCTION = YES;
				GCC_WARN_UNUSED_VARIABLE = YES;
				IPHONEOS_DEPLOYMENT_TARGET = 9.3;
				MTL_ENABLE_DEBUG_INFO = NO;
				SDKROOT = iphoneos;
				TARGETED_DEVICE_FAMILY = "1,2";
				VALIDATE_PRODUCT = YES;
			};
			name = Release;
		};
		4F78AD0E1D008A46008B35C1 /* Debug */ = {
			isa = XCBuildConfiguration;
			buildSettings = {
				ASSETCATALOG_COMPILER_APPICON_NAME = AppIcon;
				INFOPLIST_FILE = MRMapMyPoints/Info.plist;
				LD_RUNPATH_SEARCH_PATHS = "$(inherited) @executable_path/Frameworks";
				PRODUCT_BUNDLE_IDENTIFIER = "Miguel-Rubio.MRMapMyPoints";
				PRODUCT_NAME = "$(TARGET_NAME)";
			};
			name = Debug;
		};
		4F78AD0F1D008A46008B35C1 /* Release */ = {
			isa = XCBuildConfiguration;
			buildSettings = {
				ASSETCATALOG_COMPILER_APPICON_NAME = AppIcon;
				INFOPLIST_FILE = MRMapMyPoints/Info.plist;
				LD_RUNPATH_SEARCH_PATHS = "$(inherited) @executable_path/Frameworks";
				PRODUCT_BUNDLE_IDENTIFIER = "Miguel-Rubio.MRMapMyPoints";
				PRODUCT_NAME = "$(TARGET_NAME)";
			};
			name = Release;
		};
/* End XCBuildConfiguration section */

/* Begin XCConfigurationList section */
		4F78ACF61D008A46008B35C1 /* Build configuration list for PBXProject "MRMapMyPoints" */ = {
			isa = XCConfigurationList;
			buildConfigurations = (
				4F78AD0B1D008A46008B35C1 /* Debug */,
				4F78AD0C1D008A46008B35C1 /* Release */,
			);
			defaultConfigurationIsVisible = 0;
			defaultConfigurationName = Release;
		};
		4F78AD0D1D008A46008B35C1 /* Build configuration list for PBXNativeTarget "MRMapMyPoints" */ = {
			isa = XCConfigurationList;
			buildConfigurations = (
				4F78AD0E1D008A46008B35C1 /* Debug */,
				4F78AD0F1D008A46008B35C1 /* Release */,
			);
			defaultConfigurationIsVisible = 0;
		};
/* End XCConfigurationList section */
	};
	rootObject = 4F78ACF31D008A46008B35C1 /* Project object */;
}
