// !$*UTF8*$!
{
	archiveVersion = 1;
	classes = {
	};
	objectVersion = 46;
	objects = {

/* Begin PBXBuildFile section */
		4F57F22F1C80FB2800C574FE /* Assets.xcassets in Resources */ = {isa = PBXBuildFile; fileRef = 4F57F22E1C80FB2800C574FE /* Assets.xcassets */; };
		4FD63DB61C7601D100EC6E94 /* AppDelegate.swift in Sources */ = {isa = PBXBuildFile; fileRef = 4FD63DB51C7601D100EC6E94 /* AppDelegate.swift */; };
		4FD63DB81C7601D100EC6E94 /* ViewController.swift in Sources */ = {isa = PBXBuildFile; fileRef = 4FD63DB71C7601D100EC6E94 /* ViewController.swift */; };
		4FD63DBB1C7601D100EC6E94 /* Main.storyboard in Resources */ = {isa = PBXBuildFile; fileRef = 4FD63DB91C7601D100EC6E94 /* Main.storyboard */; };
		4FD63DC01C7601D100EC6E94 /* LaunchScreen.storyboard in Resources */ = {isa = PBXBuildFile; fileRef = 4FD63DBE1C7601D100EC6E94 /* LaunchScreen.storyboard */; };
		4FD63DCB1C7601D100EC6E94 /* ViewTransitionTests.swift in Sources */ = {isa = PBXBuildFile; fileRef = 4FD63DCA1C7601D100EC6E94 /* ViewTransitionTests.swift */; };
		4FD63DD61C7601D100EC6E94 /* ViewTransitionUITests.swift in Sources */ = {isa = PBXBuildFile; fileRef = 4FD63DD51C7601D100EC6E94 /* ViewTransitionUITests.swift */; };
/* End PBXBuildFile section */

/* Begin PBXContainerItemProxy section */
		4FD63DC71C7601D100EC6E94 /* PBXContainerItemProxy */ = {
			isa = PBXContainerItemProxy;
			containerPortal = 4FD63DAA1C7601D100EC6E94 /* Project object */;
			proxyType = 1;
			remoteGlobalIDString = 4FD63DB11C7601D100EC6E94;
			remoteInfo = ViewTransition;
		};
		4FD63DD21C7601D100EC6E94 /* PBXContainerItemProxy */ = {
			isa = PBXContainerItemProxy;
			containerPortal = 4FD63DAA1C7601D100EC6E94 /* Project object */;
			proxyType = 1;
			remoteGlobalIDString = 4FD63DB11C7601D100EC6E94;
			remoteInfo = ViewTransition;
		};
/* End PBXContainerItemProxy section */

/* Begin PBXFileReference section */
		4F57F22E1C80FB2800C574FE /* Assets.xcassets */ = {isa = PBXFileReference; lastKnownFileType = folder.assetcatalog; path = Assets.xcassets; sourceTree = "<group>"; };
		4FD63DB21C7601D100EC6E94 /* ViewTransition.app */ = {isa = PBXFileReference; explicitFileType = wrapper.application; includeInIndex = 0; path = ViewTransition.app; sourceTree = BUILT_PRODUCTS_DIR; };
		4FD63DB51C7601D100EC6E94 /* AppDelegate.swift */ = {isa = PBXFileReference; lastKnownFileType = sourcecode.swift; path = AppDelegate.swift; sourceTree = "<group>"; };
		4FD63DB71C7601D100EC6E94 /* ViewController.swift */ = {isa = PBXFileReference; lastKnownFileType = sourcecode.swift; path = ViewController.swift; sourceTree = "<group>"; };
		4FD63DBA1C7601D100EC6E94 /* Base */ = {isa = PBXFileReference; lastKnownFileType = file.storyboard; name = Base; path = Base.lproj/Main.storyboard; sourceTree = "<group>"; };
		4FD63DBF1C7601D100EC6E94 /* Base */ = {isa = PBXFileReference; lastKnownFileType = file.storyboard; name = Base; path = Base.lproj/LaunchScreen.storyboard; sourceTree = "<group>"; };
		4FD63DC11C7601D100EC6E94 /* Info.plist */ = {isa = PBXFileReference; lastKnownFileType = text.plist.xml; path = Info.plist; sourceTree = "<group>"; };
		4FD63DC61C7601D100EC6E94 /* ViewTransitionTests.xctest */ = {isa = PBXFileReference; explicitFileType = wrapper.cfbundle; includeInIndex = 0; path = ViewTransitionTests.xctest; sourceTree = BUILT_PRODUCTS_DIR; };
		4FD63DCA1C7601D100EC6E94 /* ViewTransitionTests.swift */ = {isa = PBXFileReference; lastKnownFileType = sourcecode.swift; path = ViewTransitionTests.swift; sourceTree = "<group>"; };
		4FD63DCC1C7601D100EC6E94 /* Info.plist */ = {isa = PBXFileReference; lastKnownFileType = text.plist.xml; path = Info.plist; sourceTree = "<group>"; };
		4FD63DD11C7601D100EC6E94 /* ViewTransitionUITests.xctest */ = {isa = PBXFileReference; explicitFileType = wrapper.cfbundle; includeInIndex = 0; path = ViewTransitionUITests.xctest; sourceTree = BUILT_PRODUCTS_DIR; };
		4FD63DD51C7601D100EC6E94 /* ViewTransitionUITests.swift */ = {isa = PBXFileReference; lastKnownFileType = sourcecode.swift; path = ViewTransitionUITests.swift; sourceTree = "<group>"; };
		4FD63DD71C7601D100EC6E94 /* Info.plist */ = {isa = PBXFileReference; lastKnownFileType = text.plist.xml; path = Info.plist; sourceTree = "<group>"; };
/* End PBXFileReference section */

/* Begin PBXFrameworksBuildPhase section */
		4FD63DAF1C7601D100EC6E94 /* Frameworks */ = {
			isa = PBXFrameworksBuildPhase;
			buildActionMask = 2147483647;
			files = (
			);
			runOnlyForDeploymentPostprocessing = 0;
		};
		4FD63DC31C7601D100EC6E94 /* Frameworks */ = {
			isa = PBXFrameworksBuildPhase;
			buildActionMask = 2147483647;
			files = (
			);
			runOnlyForDeploymentPostprocessing = 0;
		};
		4FD63DCE1C7601D100EC6E94 /* Frameworks */ = {
			isa = PBXFrameworksBuildPhase;
			buildActionMask = 2147483647;
			files = (
			);
			runOnlyForDeploymentPostprocessing = 0;
		};
/* End PBXFrameworksBuildPhase section */

/* Begin PBXGroup section */
		4FD63DA91C7601D100EC6E94 = {
			isa = PBXGroup;
			children = (
				4FD63DB41C7601D100EC6E94 /* ViewTransition */,
				4FD63DC91C7601D100EC6E94 /* ViewTransitionTests */,
				4FD63DD41C7601D100EC6E94 /* ViewTransitionUITests */,
				4FD63DB31C7601D100EC6E94 /* Products */,
			);
			sourceTree = "<group>";
		};
		4FD63DB31C7601D100EC6E94 /* Products */ = {
			isa = PBXGroup;
			children = (
				4FD63DB21C7601D100EC6E94 /* ViewTransition.app */,
				4FD63DC61C7601D100EC6E94 /* ViewTransitionTests.xctest */,
				4FD63DD11C7601D100EC6E94 /* ViewTransitionUITests.xctest */,
			);
			name = Products;
			sourceTree = "<group>";
		};
		4FD63DB41C7601D100EC6E94 /* ViewTransition */ = {
			isa = PBXGroup;
			children = (
				4F57F22E1C80FB2800C574FE /* Assets.xcassets */,
				4FD63DB51C7601D100EC6E94 /* AppDelegate.swift */,
				4FD63DB71C7601D100EC6E94 /* ViewController.swift */,
				4FD63DB91C7601D100EC6E94 /* Main.storyboard */,
				4FD63DBE1C7601D100EC6E94 /* LaunchScreen.storyboard */,
				4FD63DC11C7601D100EC6E94 /* Info.plist */,
			);
			path = ViewTransition;
			sourceTree = "<group>";
		};
		4FD63DC91C7601D100EC6E94 /* ViewTransitionTests */ = {
			isa = PBXGroup;
			children = (
				4FD63DCA1C7601D100EC6E94 /* ViewTransitionTests.swift */,
				4FD63DCC1C7601D100EC6E94 /* Info.plist */,
			);
			path = ViewTransitionTests;
			sourceTree = "<group>";
		};
		4FD63DD41C7601D100EC6E94 /* ViewTransitionUITests */ = {
			isa = PBXGroup;
			children = (
				4FD63DD51C7601D100EC6E94 /* ViewTransitionUITests.swift */,
				4FD63DD71C7601D100EC6E94 /* Info.plist */,
			);
			path = ViewTransitionUITests;
			sourceTree = "<group>";
		};
/* End PBXGroup section */

/* Begin PBXNativeTarget section */
		4FD63DB11C7601D100EC6E94 /* ViewTransition */ = {
			isa = PBXNativeTarget;
			buildConfigurationList = 4FD63DDA1C7601D100EC6E94 /* Build configuration list for PBXNativeTarget "ViewTransition" */;
			buildPhases = (
				4FD63DAE1C7601D100EC6E94 /* Sources */,
				4FD63DAF1C7601D100EC6E94 /* Frameworks */,
				4FD63DB01C7601D100EC6E94 /* Resources */,
			);
			buildRules = (
			);
			dependencies = (
			);
			name = ViewTransition;
			productName = ViewTransition;
			productReference = 4FD63DB21C7601D100EC6E94 /* ViewTransition.app */;
			productType = "com.apple.product-type.application";
		};
		4FD63DC51C7601D100EC6E94 /* ViewTransitionTests */ = {
			isa = PBXNativeTarget;
			buildConfigurationList = 4FD63DDD1C7601D100EC6E94 /* Build configuration list for PBXNativeTarget "ViewTransitionTests" */;
			buildPhases = (
				4FD63DC21C7601D100EC6E94 /* Sources */,
				4FD63DC31C7601D100EC6E94 /* Frameworks */,
				4FD63DC41C7601D100EC6E94 /* Resources */,
			);
			buildRules = (
			);
			dependencies = (
				4FD63DC81C7601D100EC6E94 /* PBXTargetDependency */,
			);
			name = ViewTransitionTests;
			productName = ViewTransitionTests;
			productReference = 4FD63DC61C7601D100EC6E94 /* ViewTransitionTests.xctest */;
			productType = "com.apple.product-type.bundle.unit-test";
		};
		4FD63DD01C7601D100EC6E94 /* ViewTransitionUITests */ = {
			isa = PBXNativeTarget;
			buildConfigurationList = 4FD63DE01C7601D100EC6E94 /* Build configuration list for PBXNativeTarget "ViewTransitionUITests" */;
			buildPhases = (
				4FD63DCD1C7601D100EC6E94 /* Sources */,
				4FD63DCE1C7601D100EC6E94 /* Frameworks */,
				4FD63DCF1C7601D100EC6E94 /* Resources */,
			);
			buildRules = (
			);
			dependencies = (
				4FD63DD31C7601D100EC6E94 /* PBXTargetDependency */,
			);
			name = ViewTransitionUITests;
			productName = ViewTransitionUITests;
			productReference = 4FD63DD11C7601D100EC6E94 /* ViewTransitionUITests.xctest */;
			productType = "com.apple.product-type.bundle.ui-testing";
		};
/* End PBXNativeTarget section */

/* Begin PBXProject section */
		4FD63DAA1C7601D100EC6E94 /* Project object */ = {
			isa = PBXProject;
			attributes = {
				LastSwiftUpdateCheck = 0720;
				LastUpgradeCheck = 0720;
				ORGANIZATIONNAME = MiguelRubio;
				TargetAttributes = {
					4FD63DB11C7601D100EC6E94 = {
						CreatedOnToolsVersion = 7.2.1;
					};
					4FD63DC51C7601D100EC6E94 = {
						CreatedOnToolsVersion = 7.2.1;
						TestTargetID = 4FD63DB11C7601D100EC6E94;
					};
					4FD63DD01C7601D100EC6E94 = {
						CreatedOnToolsVersion = 7.2.1;
						TestTargetID = 4FD63DB11C7601D100EC6E94;
					};
				};
			};
			buildConfigurationList = 4FD63DAD1C7601D100EC6E94 /* Build configuration list for PBXProject "ViewTransition" */;
			compatibilityVersion = "Xcode 3.2";
			developmentRegion = English;
			hasScannedForEncodings = 0;
			knownRegions = (
				en,
				Base,
			);
			mainGroup = 4FD63DA91C7601D100EC6E94;
			productRefGroup = 4FD63DB31C7601D100EC6E94 /* Products */;
			projectDirPath = "";
			projectRoot = "";
			targets = (
				4FD63DB11C7601D100EC6E94 /* ViewTransition */,
				4FD63DC51C7601D100EC6E94 /* ViewTransitionTests */,
				4FD63DD01C7601D100EC6E94 /* ViewTransitionUITests */,
			);
		};
/* End PBXProject section */

/* Begin PBXResourcesBuildPhase section */
		4FD63DB01C7601D100EC6E94 /* Resources */ = {
			isa = PBXResourcesBuildPhase;
			buildActionMask = 2147483647;
			files = (
				4FD63DC01C7601D100EC6E94 /* LaunchScreen.storyboard in Resources */,
				4F57F22F1C80FB2800C574FE /* Assets.xcassets in Resources */,
				4FD63DBB1C7601D100EC6E94 /* Main.storyboard in Resources */,
			);
			runOnlyForDeploymentPostprocessing = 0;
		};
		4FD63DC41C7601D100EC6E94 /* Resources */ = {
			isa = PBXResourcesBuildPhase;
			buildActionMask = 2147483647;
			files = (
			);
			runOnlyForDeploymentPostprocessing = 0;
		};
		4FD63DCF1C7601D100EC6E94 /* Resources */ = {
			isa = PBXResourcesBuildPhase;
			buildActionMask = 2147483647;
			files = (
			);
			runOnlyForDeploymentPostprocessing = 0;
		};
/* End PBXResourcesBuildPhase section */

/* Begin PBXSourcesBuildPhase section */
		4FD63DAE1C7601D100EC6E94 /* Sources */ = {
			isa = PBXSourcesBuildPhase;
			buildActionMask = 2147483647;
			files = (
				4FD63DB81C7601D100EC6E94 /* ViewController.swift in Sources */,
				4FD63DB61C7601D100EC6E94 /* AppDelegate.swift in Sources */,
			);
			runOnlyForDeploymentPostprocessing = 0;
		};
		4FD63DC21C7601D100EC6E94 /* Sources */ = {
			isa = PBXSourcesBuildPhase;
			buildActionMask = 2147483647;
			files = (
				4FD63DCB1C7601D100EC6E94 /* ViewTransitionTests.swift in Sources */,
			);
			runOnlyForDeploymentPostprocessing = 0;
		};
		4FD63DCD1C7601D100EC6E94 /* Sources */ = {
			isa = PBXSourcesBuildPhase;
			buildActionMask = 2147483647;
			files = (
				4FD63DD61C7601D100EC6E94 /* ViewTransitionUITests.swift in Sources */,
			);
			runOnlyForDeploymentPostprocessing = 0;
		};
/* End PBXSourcesBuildPhase section */

/* Begin PBXTargetDependency section */
		4FD63DC81C7601D100EC6E94 /* PBXTargetDependency */ = {
			isa = PBXTargetDependency;
			target = 4FD63DB11C7601D100EC6E94 /* ViewTransition */;
			targetProxy = 4FD63DC71C7601D100EC6E94 /* PBXContainerItemProxy */;
		};
		4FD63DD31C7601D100EC6E94 /* PBXTargetDependency */ = {
			isa = PBXTargetDependency;
			target = 4FD63DB11C7601D100EC6E94 /* ViewTransition */;
			targetProxy = 4FD63DD21C7601D100EC6E94 /* PBXContainerItemProxy */;
		};
/* End PBXTargetDependency section */

/* Begin PBXVariantGroup section */
		4FD63DB91C7601D100EC6E94 /* Main.storyboard */ = {
			isa = PBXVariantGroup;
			children = (
				4FD63DBA1C7601D100EC6E94 /* Base */,
			);
			name = Main.storyboard;
			sourceTree = "<group>";
		};
		4FD63DBE1C7601D100EC6E94 /* LaunchScreen.storyboard */ = {
			isa = PBXVariantGroup;
			children = (
				4FD63DBF1C7601D100EC6E94 /* Base */,
			);
			name = LaunchScreen.storyboard;
			sourceTree = "<group>";
		};
/* End PBXVariantGroup section */

/* Begin XCBuildConfiguration section */
		4FD63DD81C7601D100EC6E94 /* Debug */ = {
			isa = XCBuildConfiguration;
			buildSettings = {
				ALWAYS_SEARCH_USER_PATHS = NO;
				CLANG_CXX_LANGUAGE_STANDARD = "gnu++0x";
				CLANG_CXX_LIBRARY = "libc++";
				CLANG_ENABLE_MODULES = YES;
				CLANG_ENABLE_OBJC_ARC = YES;
				CLANG_WARN_BOOL_CONVERSION = YES;
				CLANG_WARN_CONSTANT_CONVERSION = YES;
				CLANG_WARN_DIRECT_OBJC_ISA_USAGE = YES_ERROR;
				CLANG_WARN_EMPTY_BODY = YES;
				CLANG_WARN_ENUM_CONVERSION = YES;
				CLANG_WARN_INT_CONVERSION = YES;
				CLANG_WARN_OBJC_ROOT_CLASS = YES_ERROR;
				CLANG_WARN_UNREACHABLE_CODE = YES;
				CLANG_WARN__DUPLICATE_METHOD_MATCH = YES;
				"CODE_SIGN_IDENTITY[sdk=iphoneos*]" = "iPhone Developer";
				COPY_PHASE_STRIP = NO;
				DEBUG_INFORMATION_FORMAT = dwarf;
				ENABLE_STRICT_OBJC_MSGSEND = YES;
				ENABLE_TESTABILITY = YES;
				GCC_C_LANGUAGE_STANDARD = gnu99;
				GCC_DYNAMIC_NO_PIC = NO;
				GCC_NO_COMMON_BLOCKS = YES;
				GCC_OPTIMIZATION_LEVEL = 0;
				GCC_PREPROCESSOR_DEFINITIONS = (
					"DEBUG=1",
					"$(inherited)",
				);
				GCC_WARN_64_TO_32_BIT_CONVERSION = YES;
				GCC_WARN_ABOUT_RETURN_TYPE = YES_ERROR;
				GCC_WARN_UNDECLARED_SELECTOR = YES;
				GCC_WARN_UNINITIALIZED_AUTOS = YES_AGGRESSIVE;
				GCC_WARN_UNUSED_FUNCTION = YES;
				GCC_WARN_UNUSED_VARIABLE = YES;
				IPHONEOS_DEPLOYMENT_TARGET = 9.2;
				MTL_ENABLE_DEBUG_INFO = YES;
				ONLY_ACTIVE_ARCH = YES;
				SDKROOT = iphoneos;
				SWIFT_OPTIMIZATION_LEVEL = "-Onone";
			};
			name = Debug;
		};
		4FD63DD91C7601D100EC6E94 /* Release */ = {
			isa = XCBuildConfiguration;
			buildSettings = {
				ALWAYS_SEARCH_USER_PATHS = NO;
				CLANG_CXX_LANGUAGE_STANDARD = "gnu++0x";
				CLANG_CXX_LIBRARY = "libc++";
				CLANG_ENABLE_MODULES = YES;
				CLANG_ENABLE_OBJC_ARC = YES;
				CLANG_WARN_BOOL_CONVERSION = YES;
				CLANG_WARN_CONSTANT_CONVERSION = YES;
				CLANG_WARN_DIRECT_OBJC_ISA_USAGE = YES_ERROR;
				CLANG_WARN_EMPTY_BODY = YES;
				CLANG_WARN_ENUM_CONVERSION = YES;
				CLANG_WARN_INT_CONVERSION = YES;
				CLANG_WARN_OBJC_ROOT_CLASS = YES_ERROR;
				CLANG_WARN_UNREACHABLE_CODE = YES;
				CLANG_WARN__DUPLICATE_METHOD_MATCH = YES;
				"CODE_SIGN_IDENTITY[sdk=iphoneos*]" = "iPhone Developer";
				COPY_PHASE_STRIP = NO;
				DEBUG_INFORMATION_FORMAT = "dwarf-with-dsym";
				ENABLE_NS_ASSERTIONS = NO;
				ENABLE_STRICT_OBJC_MSGSEND = YES;
				GCC_C_LANGUAGE_STANDARD = gnu99;
				GCC_NO_COMMON_BLOCKS = YES;
				GCC_WARN_64_TO_32_BIT_CONVERSION = YES;
				GCC_WARN_ABOUT_RETURN_TYPE = YES_ERROR;
				GCC_WARN_UNDECLARED_SELECTOR = YES;
				GCC_WARN_UNINITIALIZED_AUTOS = YES_AGGRESSIVE;
				GCC_WARN_UNUSED_FUNCTION = YES;
				GCC_WARN_UNUSED_VARIABLE = YES;
				IPHONEOS_DEPLOYMENT_TARGET = 9.2;
				MTL_ENABLE_DEBUG_INFO = NO;
				SDKROOT = iphoneos;
				VALIDATE_PRODUCT = YES;
			};
			name = Release;
		};
		4FD63DDB1C7601D100EC6E94 /* Debug */ = {
			isa = XCBuildConfiguration;
			buildSettings = {
				ASSETCATALOG_COMPILER_APPICON_NAME = AppIcon;
				INFOPLIST_FILE = ViewTransition/Info.plist;
				LD_RUNPATH_SEARCH_PATHS = "$(inherited) @executable_path/Frameworks";
				PRODUCT_BUNDLE_IDENTIFIER = "Miguel-Rubio.ViewTransition";
				PRODUCT_NAME = "$(TARGET_NAME)";
			};
			name = Debug;
		};
		4FD63DDC1C7601D100EC6E94 /* Release */ = {
			isa = XCBuildConfiguration;
			buildSettings = {
				ASSETCATALOG_COMPILER_APPICON_NAME = AppIcon;
				INFOPLIST_FILE = ViewTransition/Info.plist;
				LD_RUNPATH_SEARCH_PATHS = "$(inherited) @executable_path/Frameworks";
				PRODUCT_BUNDLE_IDENTIFIER = "Miguel-Rubio.ViewTransition";
				PRODUCT_NAME = "$(TARGET_NAME)";
			};
			name = Release;
		};
		4FD63DDE1C7601D100EC6E94 /* Debug */ = {
			isa = XCBuildConfiguration;
			buildSettings = {
				BUNDLE_LOADER = "$(TEST_HOST)";
				INFOPLIST_FILE = ViewTransitionTests/Info.plist;
				LD_RUNPATH_SEARCH_PATHS = "$(inherited) @executable_path/Frameworks @loader_path/Frameworks";
				PRODUCT_BUNDLE_IDENTIFIER = "Miguel-Rubio.ViewTransitionTests";
				PRODUCT_NAME = "$(TARGET_NAME)";
				TEST_HOST = "$(BUILT_PRODUCTS_DIR)/ViewTransition.app/ViewTransition";
			};
			name = Debug;
		};
		4FD63DDF1C7601D100EC6E94 /* Release */ = {
			isa = XCBuildConfiguration;
			buildSettings = {
				BUNDLE_LOADER = "$(TEST_HOST)";
				INFOPLIST_FILE = ViewTransitionTests/Info.plist;
				LD_RUNPATH_SEARCH_PATHS = "$(inherited) @executable_path/Frameworks @loader_path/Frameworks";
				PRODUCT_BUNDLE_IDENTIFIER = "Miguel-Rubio.ViewTransitionTests";
				PRODUCT_NAME = "$(TARGET_NAME)";
				TEST_HOST = "$(BUILT_PRODUCTS_DIR)/ViewTransition.app/ViewTransition";
			};
			name = Release;
		};
		4FD63DE11C7601D100EC6E94 /* Debug */ = {
			isa = XCBuildConfiguration;
			buildSettings = {
				INFOPLIST_FILE = ViewTransitionUITests/Info.plist;
				LD_RUNPATH_SEARCH_PATHS = "$(inherited) @executable_path/Frameworks @loader_path/Frameworks";
				PRODUCT_BUNDLE_IDENTIFIER = "Miguel-Rubio.ViewTransitionUITests";
				PRODUCT_NAME = "$(TARGET_NAME)";
				TEST_TARGET_NAME = ViewTransition;
				USES_XCTRUNNER = YES;
			};
			name = Debug;
		};
		4FD63DE21C7601D100EC6E94 /* Release */ = {
			isa = XCBuildConfiguration;
			buildSettings = {
				INFOPLIST_FILE = ViewTransitionUITests/Info.plist;
				LD_RUNPATH_SEARCH_PATHS = "$(inherited) @executable_path/Frameworks @loader_path/Frameworks";
				PRODUCT_BUNDLE_IDENTIFIER = "Miguel-Rubio.ViewTransitionUITests";
				PRODUCT_NAME = "$(TARGET_NAME)";
				TEST_TARGET_NAME = ViewTransition;
				USES_XCTRUNNER = YES;
			};
			name = Release;
		};
/* End XCBuildConfiguration section */

/* Begin XCConfigurationList section */
		4FD63DAD1C7601D100EC6E94 /* Build configuration list for PBXProject "ViewTransition" */ = {
			isa = XCConfigurationList;
			buildConfigurations = (
				4FD63DD81C7601D100EC6E94 /* Debug */,
				4FD63DD91C7601D100EC6E94 /* Release */,
			);
			defaultConfigurationIsVisible = 0;
			defaultConfigurationName = Release;
		};
		4FD63DDA1C7601D100EC6E94 /* Build configuration list for PBXNativeTarget "ViewTransition" */ = {
			isa = XCConfigurationList;
			buildConfigurations = (
				4FD63DDB1C7601D100EC6E94 /* Debug */,
				4FD63DDC1C7601D100EC6E94 /* Release */,
			);
			defaultConfigurationIsVisible = 0;
			defaultConfigurationName = Release;
		};
		4FD63DDD1C7601D100EC6E94 /* Build configuration list for PBXNativeTarget "ViewTransitionTests" */ = {
			isa = XCConfigurationList;
			buildConfigurations = (
				4FD63DDE1C7601D100EC6E94 /* Debug */,
				4FD63DDF1C7601D100EC6E94 /* Release */,
			);
			defaultConfigurationIsVisible = 0;
			defaultConfigurationName = Release;
		};
		4FD63DE01C7601D100EC6E94 /* Build configuration list for PBXNativeTarget "ViewTransitionUITests" */ = {
			isa = XCConfigurationList;
			buildConfigurations = (
				4FD63DE11C7601D100EC6E94 /* Debug */,
				4FD63DE21C7601D100EC6E94 /* Release */,
			);
			defaultConfigurationIsVisible = 0;
			defaultConfigurationName = Release;
		};
/* End XCConfigurationList section */
	};
	rootObject = 4FD63DAA1C7601D100EC6E94 /* Project object */;
}
